
Microsoft Visual Studio Solution File, Format Version 12.00
# Visual Studio Version 16
VisualStudioVersion = 16.0.31613.86
MinimumVisualStudioVersion = 10.0.40219.1
Project("{FAE04EC0-301F-11D3-BF4B-00C04F79EFBC}") = "Homework1", "Homework\Homework1.csproj", "{334E333A-5231-4A88-A2C6-3C959F4D7072}"
EndProject
Project("{FAE04EC0-301F-11D3-BF4B-00C04F79EFBC}") = "Homework2", "Homework2\Homework2.csproj", "{A0035BF4-F8B8-4D32-90BA-1F690C62DF6D}"
EndProject
Project("{FAE04EC0-301F-11D3-BF4B-00C04F79EFBC}") = "Homework3", "Homework3\Homework3.csproj", "{98A8D44B-25A6-493C-9CAB-F7ADC63E3ADA}"
EndProject
Project("{FAE04EC0-301F-11D3-BF4B-00C04F79EFBC}") = "Homework4", "Homework4\Homework4.csproj", "{54EFC781-C044-444E-B669-B67DEAD9F881}"
EndProject
Global
	GlobalSection(SolutionConfigurationPlatforms) = preSolution
		Debug|Any CPU = Debug|Any CPU
		Release|Any CPU = Release|Any CPU
	EndGlobalSection
	GlobalSection(ProjectConfigurationPlatforms) = postSolution
		{334E333A-5231-4A88-A2C6-3C959F4D7072}.Debug|Any CPU.ActiveCfg = Debug|Any CPU
		{334E333A-5231-4A88-A2C6-3C959F4D7072}.Debug|Any CPU.Build.0 = Debug|Any CPU
		{334E333A-5231-4A88-A2C6-3C959F4D7072}.Release|Any CPU.ActiveCfg = Release|Any CPU
		{334E333A-5231-4A88-A2C6-3C959F4D7072}.Release|Any CPU.Build.0 = Release|Any CPU
		{A0035BF4-F8B8-4D32-90BA-1F690C62DF6D}.Debug|Any CPU.ActiveCfg = Debug|Any CPU
		{A0035BF4-F8B8-4D32-90BA-1F690C62DF6D}.Debug|Any CPU.Build.0 = Debug|Any CPU
		{A0035BF4-F8B8-4D32-90BA-1F690C62DF6D}.Release|Any CPU.ActiveCfg = Release|Any CPU
		{A0035BF4-F8B8-4D32-90BA-1F690C62DF6D}.Release|Any CPU.Build.0 = Release|Any CPU
		{98A8D44B-25A6-493C-9CAB-F7ADC63E3ADA}.Debug|Any CPU.ActiveCfg = Debug|Any CPU
		{98A8D44B-25A6-493C-9CAB-F7ADC63E3ADA}.Debug|Any CPU.Build.0 = Debug|Any CPU
		{98A8D44B-25A6-493C-9CAB-F7ADC63E3ADA}.Release|Any CPU.ActiveCfg = Release|Any CPU
		{98A8D44B-25A6-493C-9CAB-F7ADC63E3ADA}.Release|Any CPU.Build.0 = Release|Any CPU
		{54EFC781-C044-444E-B669-B67DEAD9F881}.Debug|Any CPU.ActiveCfg = Debug|Any CPU
		{54EFC781-C044-444E-B669-B67DEAD9F881}.Debug|Any CPU.Build.0 = Debug|Any CPU
		{54EFC781-C044-444E-B669-B67DEAD9F881}.Release|Any CPU.ActiveCfg = Release|Any CPU
		{54EFC781-C044-444E-B669-B67DEAD9F881}.Release|Any CPU.Build.0 = Release|Any CPU
	EndGlobalSection
	GlobalSection(SolutionProperties) = preSolution
		HideSolutionNode = FALSE
	EndGlobalSection
	GlobalSection(ExtensibilityGlobals) = postSolution
		SolutionGuid = {F605B731-99CE-4BC3-8AD8-8A5D5AA4814E}
	EndGlobalSection
EndGlobal
