
Microsoft Visual Studio Solution File, Format Version 12.00
# Visual Studio Version 16
VisualStudioVersion = 16.0.31613.86
MinimumVisualStudioVersion = 10.0.40219.1
Project("{FAE04EC0-301F-11D3-BF4B-00C04F79EFBC}") = "Home1", "SApp02\Home1.csproj", "{F6B914E0-846B-40F5-AF8D-5895AED7D3B3}"
EndProject
Project("{FAE04EC0-301F-11D3-BF4B-00C04F79EFBC}") = "Home3", "Home3\Home3.csproj", "{D494FE5F-F909-4F52-9156-3E1CB631563D}"
EndProject
Global
	GlobalSection(SolutionConfigurationPlatforms) = preSolution
		Debug|Any CPU = Debug|Any CPU
		Release|Any CPU = Release|Any CPU
	EndGlobalSection
	GlobalSection(ProjectConfigurationPlatforms) = postSolution
		{F6B914E0-846B-40F5-AF8D-5895AED7D3B3}.Debug|Any CPU.ActiveCfg = Debug|Any CPU
		{F6B914E0-846B-40F5-AF8D-5895AED7D3B3}.Debug|Any CPU.Build.0 = Debug|Any CPU
		{F6B914E0-846B-40F5-AF8D-5895AED7D3B3}.Release|Any CPU.ActiveCfg = Release|Any CPU
		{F6B914E0-846B-40F5-AF8D-5895AED7D3B3}.Release|Any CPU.Build.0 = Release|Any CPU
		{D494FE5F-F909-4F52-9156-3E1CB631563D}.Debug|Any CPU.ActiveCfg = Debug|Any CPU
		{D494FE5F-F909-4F52-9156-3E1CB631563D}.Debug|Any CPU.Build.0 = Debug|Any CPU
		{D494FE5F-F909-4F52-9156-3E1CB631563D}.Release|Any CPU.ActiveCfg = Release|Any CPU
		{D494FE5F-F909-4F52-9156-3E1CB631563D}.Release|Any CPU.Build.0 = Release|Any CPU
	EndGlobalSection
	GlobalSection(SolutionProperties) = preSolution
		HideSolutionNode = FALSE
	EndGlobalSection
	GlobalSection(ExtensibilityGlobals) = postSolution
		SolutionGuid = {7002E3BC-571E-4326-A3BC-DEB847D12BE0}
	EndGlobalSection
EndGlobal
