
Microsoft Visual Studio Solution File, Format Version 12.00
# Visual Studio Version 16
VisualStudioVersion = 16.0.31613.86
MinimumVisualStudioVersion = 10.0.40219.1
Project("{FAE04EC0-301F-11D3-BF4B-00C04F79EFBC}") = "Homework1", "Homework1\Homework1.csproj", "{FA58C5A5-C8CF-423B-8687-9C192F2F88B8}"
EndProject
Project("{FAE04EC0-301F-11D3-BF4B-00C04F79EFBC}") = "Homework2", "Homework2\Homework2.csproj", "{C08803C8-044C-4A0E-AECC-8CF861F7F3AF}"
EndProject
Global
	GlobalSection(SolutionConfigurationPlatforms) = preSolution
		Debug|Any CPU = Debug|Any CPU
		Release|Any CPU = Release|Any CPU
	EndGlobalSection
	GlobalSection(ProjectConfigurationPlatforms) = postSolution
		{FA58C5A5-C8CF-423B-8687-9C192F2F88B8}.Debug|Any CPU.ActiveCfg = Debug|Any CPU
		{FA58C5A5-C8CF-423B-8687-9C192F2F88B8}.Debug|Any CPU.Build.0 = Debug|Any CPU
		{FA58C5A5-C8CF-423B-8687-9C192F2F88B8}.Release|Any CPU.ActiveCfg = Release|Any CPU
		{FA58C5A5-C8CF-423B-8687-9C192F2F88B8}.Release|Any CPU.Build.0 = Release|Any CPU
		{C08803C8-044C-4A0E-AECC-8CF861F7F3AF}.Debug|Any CPU.ActiveCfg = Debug|Any CPU
		{C08803C8-044C-4A0E-AECC-8CF861F7F3AF}.Debug|Any CPU.Build.0 = Debug|Any CPU
		{C08803C8-044C-4A0E-AECC-8CF861F7F3AF}.Release|Any CPU.ActiveCfg = Release|Any CPU
		{C08803C8-044C-4A0E-AECC-8CF861F7F3AF}.Release|Any CPU.Build.0 = Release|Any CPU
	EndGlobalSection
	GlobalSection(SolutionProperties) = preSolution
		HideSolutionNode = FALSE
	EndGlobalSection
	GlobalSection(ExtensibilityGlobals) = postSolution
		SolutionGuid = {40D50F01-8B65-404B-869B-70989C7D98FA}
	EndGlobalSection
EndGlobal
